
Microsoft Visual Studio Solution File, Format Version 12.00
# Visual Studio Version 17
VisualStudioVersion = 17.6.33829.357
MinimumVisualStudioVersion = 10.0.40219.1
Project("{9A19103F-16F7-4668-BE54-9A1E7A4F7556}") = "LocationTrackerAPI", "LocationTrackerAPI.csproj", "{9C1993E6-CDAA-4EF0-B673-DA134AE82B6B}"
EndProject
Project("{9A19103F-16F7-4668-BE54-9A1E7A4F7556}") = "LocationTrackerAPI.Tests", "..\LocationTrackerAPI.Tests\LocationTrackerAPI.Tests.csproj", "{AC93564F-9808-4062-A65D-770B486417D9}"
EndProject
Project("{9A19103F-16F7-4668-BE54-9A1E7A4F7556}") = "LocationTrackerLib", "..\..\lib\LocationTrackerLib\LocationTrackerLib.csproj", "{0F0B0077-CCCC-4CA3-9FB6-81209406A8AE}"
EndProject
Global
	GlobalSection(SolutionConfigurationPlatforms) = preSolution
		Debug|Any CPU = Debug|Any CPU
		Release|Any CPU = Release|Any CPU
	EndGlobalSection
	GlobalSection(ProjectConfigurationPlatforms) = postSolution
		{9C1993E6-CDAA-4EF0-B673-DA134AE82B6B}.Debug|Any CPU.ActiveCfg = Debug|Any CPU
		{9C1993E6-CDAA-4EF0-B673-DA134AE82B6B}.Debug|Any CPU.Build.0 = Debug|Any CPU
		{9C1993E6-CDAA-4EF0-B673-DA134AE82B6B}.Release|Any CPU.ActiveCfg = Release|Any CPU
		{9C1993E6-CDAA-4EF0-B673-DA134AE82B6B}.Release|Any CPU.Build.0 = Release|Any CPU
		{AC93564F-9808-4062-A65D-770B486417D9}.Debug|Any CPU.ActiveCfg = Debug|Any CPU
		{AC93564F-9808-4062-A65D-770B486417D9}.Debug|Any CPU.Build.0 = Debug|Any CPU
		{AC93564F-9808-4062-A65D-770B486417D9}.Release|Any CPU.ActiveCfg = Release|Any CPU
		{AC93564F-9808-4062-A65D-770B486417D9}.Release|Any CPU.Build.0 = Release|Any CPU
		{0F0B0077-CCCC-4CA3-9FB6-81209406A8AE}.Debug|Any CPU.ActiveCfg = Debug|Any CPU
		{0F0B0077-CCCC-4CA3-9FB6-81209406A8AE}.Debug|Any CPU.Build.0 = Debug|Any CPU
		{0F0B0077-CCCC-4CA3-9FB6-81209406A8AE}.Release|Any CPU.ActiveCfg = Release|Any CPU
		{0F0B0077-CCCC-4CA3-9FB6-81209406A8AE}.Release|Any CPU.Build.0 = Release|Any CPU
	EndGlobalSection
	GlobalSection(SolutionProperties) = preSolution
		HideSolutionNode = FALSE
	EndGlobalSection
	GlobalSection(ExtensibilityGlobals) = postSolution
		SolutionGuid = {E86261D9-0A92-463D-95C1-AB306D606DE0}
	EndGlobalSection
EndGlobal
